
Microsoft Visual Studio Solution File, Format Version 12.00
# Visual Studio Version 17
VisualStudioVersion = 17.13.35828.75
MinimumVisualStudioVersion = 10.0.40219.1
Project("{8BC9CEB8-8B4A-11D0-8D11-00A0C91BC942}") = "NormToStandardChar", "NormToStandardChar\NormToStandardChar.vcxproj", "{0309CC74-C7D2-DCC3-5414-05582A2A9002}"
EndProject
Project("{FAE04EC0-301F-11D3-BF4B-00C04F79EFBC}") = "NormToStandardCharLib", "NormToStandardCharLib\NormToStandardCharLib.csproj", "{855A899A-44BA-4866-B83E-C914B1C934B4}"
EndProject
Global
	GlobalSection(SolutionConfigurationPlatforms) = preSolution
		Debug|Any CPU = Debug|Any CPU
		Debug|x64 = Debug|x64
		Debug|x86 = Debug|x86
		Release|Any CPU = Release|Any CPU
		Release|x64 = Release|x64
		Release|x86 = Release|x86
	EndGlobalSection
	GlobalSection(ProjectConfigurationPlatforms) = postSolution
		{0309CC74-C7D2-DCC3-5414-05582A2A9002}.Debug|Any CPU.ActiveCfg = Debug|x64
		{0309CC74-C7D2-DCC3-5414-05582A2A9002}.Debug|Any CPU.Build.0 = Debug|x64
		{0309CC74-C7D2-DCC3-5414-05582A2A9002}.Debug|x64.ActiveCfg = Debug|x64
		{0309CC74-C7D2-DCC3-5414-05582A2A9002}.Debug|x64.Build.0 = Debug|x64
		{0309CC74-C7D2-DCC3-5414-05582A2A9002}.Debug|x86.ActiveCfg = Debug|Win32
		{0309CC74-C7D2-DCC3-5414-05582A2A9002}.Debug|x86.Build.0 = Debug|Win32
		{0309CC74-C7D2-DCC3-5414-05582A2A9002}.Release|Any CPU.ActiveCfg = Release|x64
		{0309CC74-C7D2-DCC3-5414-05582A2A9002}.Release|Any CPU.Build.0 = Release|x64
		{0309CC74-C7D2-DCC3-5414-05582A2A9002}.Release|x64.ActiveCfg = Release|x64
		{0309CC74-C7D2-DCC3-5414-05582A2A9002}.Release|x64.Build.0 = Release|x64
		{0309CC74-C7D2-DCC3-5414-05582A2A9002}.Release|x86.ActiveCfg = Release|Win32
		{0309CC74-C7D2-DCC3-5414-05582A2A9002}.Release|x86.Build.0 = Release|Win32
		{855A899A-44BA-4866-B83E-C914B1C934B4}.Debug|Any CPU.ActiveCfg = Debug|Any CPU
		{855A899A-44BA-4866-B83E-C914B1C934B4}.Debug|Any CPU.Build.0 = Debug|Any CPU
		{855A899A-44BA-4866-B83E-C914B1C934B4}.Debug|x64.ActiveCfg = Debug|Any CPU
		{855A899A-44BA-4866-B83E-C914B1C934B4}.Debug|x64.Build.0 = Debug|Any CPU
		{855A899A-44BA-4866-B83E-C914B1C934B4}.Debug|x86.ActiveCfg = Debug|Any CPU
		{855A899A-44BA-4866-B83E-C914B1C934B4}.Debug|x86.Build.0 = Debug|Any CPU
		{855A899A-44BA-4866-B83E-C914B1C934B4}.Release|Any CPU.ActiveCfg = Release|Any CPU
		{855A899A-44BA-4866-B83E-C914B1C934B4}.Release|Any CPU.Build.0 = Release|Any CPU
		{855A899A-44BA-4866-B83E-C914B1C934B4}.Release|x64.ActiveCfg = Release|Any CPU
		{855A899A-44BA-4866-B83E-C914B1C934B4}.Release|x64.Build.0 = Release|Any CPU
		{855A899A-44BA-4866-B83E-C914B1C934B4}.Release|x86.ActiveCfg = Release|Any CPU
		{855A899A-44BA-4866-B83E-C914B1C934B4}.Release|x86.Build.0 = Release|Any CPU
	EndGlobalSection
	GlobalSection(SolutionProperties) = preSolution
		HideSolutionNode = FALSE
	EndGlobalSection
	GlobalSection(ExtensibilityGlobals) = postSolution
		SolutionGuid = {EE7E7067-947E-4FA4-8174-9BB9A4ADDC43}
	EndGlobalSection
EndGlobal
